// !$*UTF8*$!
{
	archiveVersion = 1;
	classes = {
	};
	objectVersion = 56;
	objects = {

/* Begin PBXBuildFile section */
		0102EE6C29C3072500879C98 /* PokemonDetailViewController.swift in Sources */ = {isa = PBXBuildFile; fileRef = 0102EE6B29C3072500879C98 /* PokemonDetailViewController.swift */; };
		0102EE6E29C31B6800879C98 /* PokemonDetailViewModel.swift in Sources */ = {isa = PBXBuildFile; fileRef = 0102EE6D29C31B6800879C98 /* PokemonDetailViewModel.swift */; };
		0119A45329C1B32700DE0731 /* AppDelegate.swift in Sources */ = {isa = PBXBuildFile; fileRef = 0119A45229C1B32700DE0731 /* AppDelegate.swift */; };
		0119A45529C1B32700DE0731 /* SceneDelegate.swift in Sources */ = {isa = PBXBuildFile; fileRef = 0119A45429C1B32700DE0731 /* SceneDelegate.swift */; };
		0119A45729C1B32700DE0731 /* PokemonListViewController.swift in Sources */ = {isa = PBXBuildFile; fileRef = 0119A45629C1B32700DE0731 /* PokemonListViewController.swift */; };
		0119A45A29C1B32700DE0731 /* Main.storyboard in Resources */ = {isa = PBXBuildFile; fileRef = 0119A45829C1B32700DE0731 /* Main.storyboard */; };
		0119A45C29C1B32800DE0731 /* Assets.xcassets in Resources */ = {isa = PBXBuildFile; fileRef = 0119A45B29C1B32800DE0731 /* Assets.xcassets */; };
		0119A45F29C1B32800DE0731 /* LaunchScreen.storyboard in Resources */ = {isa = PBXBuildFile; fileRef = 0119A45D29C1B32800DE0731 /* LaunchScreen.storyboard */; };
		0119A46829C1B49800DE0731 /* Alamofire in Frameworks */ = {isa = PBXBuildFile; productRef = 0119A46729C1B49800DE0731 /* Alamofire */; };
		0119A47829C1B85400DE0731 /* Pokemon.swift in Sources */ = {isa = PBXBuildFile; fileRef = 0119A47729C1B85400DE0731 /* Pokemon.swift */; };
		0119A47B29C1BA2C00DE0731 /* UIImageExtension.swift in Sources */ = {isa = PBXBuildFile; fileRef = 0119A47A29C1BA2C00DE0731 /* UIImageExtension.swift */; };
		0119A47E29C1BA7200DE0731 /* ApiService.swift in Sources */ = {isa = PBXBuildFile; fileRef = 0119A47D29C1BA7200DE0731 /* ApiService.swift */; };
		0119A48029C1BEFD00DE0731 /* PokemonListViewModel.swift in Sources */ = {isa = PBXBuildFile; fileRef = 0119A47F29C1BEFD00DE0731 /* PokemonListViewModel.swift */; };
		0119A48329C1BF3000DE0731 /* PokemonCell.swift in Sources */ = {isa = PBXBuildFile; fileRef = 0119A48129C1BF3000DE0731 /* PokemonCell.swift */; };
		0119A48429C1BF3000DE0731 /* PokemonCell.xib in Resources */ = {isa = PBXBuildFile; fileRef = 0119A48229C1BF3000DE0731 /* PokemonCell.xib */; };
		013A063F29C457EE00CD5290 /* PaddingLabel.swift in Sources */ = {isa = PBXBuildFile; fileRef = 013A063E29C457EE00CD5290 /* PaddingLabel.swift */; };
		015EBFB529C2D24E0009494E /* UIColorExtension.swift in Sources */ = {isa = PBXBuildFile; fileRef = 015EBFB429C2D24E0009494E /* UIColorExtension.swift */; };
		01C54F9B29C801310000FBFF /* UIViewExtension.swift in Sources */ = {isa = PBXBuildFile; fileRef = 01C54F9A29C801310000FBFF /* UIViewExtension.swift */; };
		01C54FA129C81F870000FBFF /* PokemonMoveCell.swift in Sources */ = {isa = PBXBuildFile; fileRef = 01C54F9F29C81F870000FBFF /* PokemonMoveCell.swift */; };
		01C54FA229C81F870000FBFF /* PokemonMoveCell.xib in Resources */ = {isa = PBXBuildFile; fileRef = 01C54FA029C81F870000FBFF /* PokemonMoveCell.xib */; };
		01D7862F29C9532000CB778C /* PokemonMove.swift in Sources */ = {isa = PBXBuildFile; fileRef = 01D7862E29C9532000CB778C /* PokemonMove.swift */; };
		01D7863229C95C5F00CB778C /* PokemonMoveViewController.swift in Sources */ = {isa = PBXBuildFile; fileRef = 01D7863129C95C5F00CB778C /* PokemonMoveViewController.swift */; };
		01E0C6B129C2AFD7006C4EC7 /* PokemonDetail.swift in Sources */ = {isa = PBXBuildFile; fileRef = 01E0C6B029C2AFD7006C4EC7 /* PokemonDetail.swift */; };
		01E0C6B429C2C98B006C4EC7 /* SDWebImage in Frameworks */ = {isa = PBXBuildFile; productRef = 01E0C6B329C2C98B006C4EC7 /* SDWebImage */; };
/* End PBXBuildFile section */

/* Begin PBXFileReference section */
		0102EE6B29C3072500879C98 /* PokemonDetailViewController.swift */ = {isa = PBXFileReference; lastKnownFileType = sourcecode.swift; path = PokemonDetailViewController.swift; sourceTree = "<group>"; };
		0102EE6D29C31B6800879C98 /* PokemonDetailViewModel.swift */ = {isa = PBXFileReference; lastKnownFileType = sourcecode.swift; path = PokemonDetailViewModel.swift; sourceTree = "<group>"; };
		0119A44F29C1B32700DE0731 /* Week5-Day3-Pokemon API MVVM.app */ = {isa = PBXFileReference; explicitFileType = wrapper.application; includeInIndex = 0; path = "Week5-Day3-Pokemon API MVVM.app"; sourceTree = BUILT_PRODUCTS_DIR; };
		0119A45229C1B32700DE0731 /* AppDelegate.swift */ = {isa = PBXFileReference; lastKnownFileType = sourcecode.swift; path = AppDelegate.swift; sourceTree = "<group>"; };
		0119A45429C1B32700DE0731 /* SceneDelegate.swift */ = {isa = PBXFileReference; lastKnownFileType = sourcecode.swift; path = SceneDelegate.swift; sourceTree = "<group>"; };
		0119A45629C1B32700DE0731 /* PokemonListViewController.swift */ = {isa = PBXFileReference; lastKnownFileType = sourcecode.swift; path = PokemonListViewController.swift; sourceTree = "<group>"; };
		0119A45929C1B32700DE0731 /* Base */ = {isa = PBXFileReference; lastKnownFileType = file.storyboard; name = Base; path = Base.lproj/Main.storyboard; sourceTree = "<group>"; };
		0119A45B29C1B32800DE0731 /* Assets.xcassets */ = {isa = PBXFileReference; lastKnownFileType = folder.assetcatalog; path = Assets.xcassets; sourceTree = "<group>"; };
		0119A45E29C1B32800DE0731 /* Base */ = {isa = PBXFileReference; lastKnownFileType = file.storyboard; name = Base; path = Base.lproj/LaunchScreen.storyboard; sourceTree = "<group>"; };
		0119A46029C1B32800DE0731 /* Info.plist */ = {isa = PBXFileReference; lastKnownFileType = text.plist.xml; path = Info.plist; sourceTree = "<group>"; };
		0119A47729C1B85400DE0731 /* Pokemon.swift */ = {isa = PBXFileReference; lastKnownFileType = sourcecode.swift; path = Pokemon.swift; sourceTree = "<group>"; };
		0119A47A29C1BA2C00DE0731 /* UIImageExtension.swift */ = {isa = PBXFileReference; lastKnownFileType = sourcecode.swift; name = UIImageExtension.swift; path = Extension/UIImageExtension.swift; sourceTree = "<group>"; };
		0119A47D29C1BA7200DE0731 /* ApiService.swift */ = {isa = PBXFileReference; lastKnownFileType = sourcecode.swift; path = ApiService.swift; sourceTree = "<group>"; };
		0119A47F29C1BEFD00DE0731 /* PokemonListViewModel.swift */ = {isa = PBXFileReference; lastKnownFileType = sourcecode.swift; path = PokemonListViewModel.swift; sourceTree = "<group>"; };
		0119A48129C1BF3000DE0731 /* PokemonCell.swift */ = {isa = PBXFileReference; lastKnownFileType = sourcecode.swift; path = PokemonCell.swift; sourceTree = "<group>"; };
		0119A48229C1BF3000DE0731 /* PokemonCell.xib */ = {isa = PBXFileReference; lastKnownFileType = file.xib; path = PokemonCell.xib; sourceTree = "<group>"; };
		013A063E29C457EE00CD5290 /* PaddingLabel.swift */ = {isa = PBXFileReference; lastKnownFileType = sourcecode.swift; name = PaddingLabel.swift; path = CustomUI/PaddingLabel.swift; sourceTree = "<group>"; };
		015EBFB429C2D24E0009494E /* UIColorExtension.swift */ = {isa = PBXFileReference; lastKnownFileType = sourcecode.swift; name = UIColorExtension.swift; path = Extension/UIColorExtension.swift; sourceTree = "<group>"; };
		01C54F9A29C801310000FBFF /* UIViewExtension.swift */ = {isa = PBXFileReference; lastKnownFileType = sourcecode.swift; path = UIViewExtension.swift; sourceTree = "<group>"; };
		01C54F9F29C81F870000FBFF /* PokemonMoveCell.swift */ = {isa = PBXFileReference; lastKnownFileType = sourcecode.swift; path = PokemonMoveCell.swift; sourceTree = "<group>"; };
		01C54FA029C81F870000FBFF /* PokemonMoveCell.xib */ = {isa = PBXFileReference; lastKnownFileType = file.xib; path = PokemonMoveCell.xib; sourceTree = "<group>"; };
		01D7862E29C9532000CB778C /* PokemonMove.swift */ = {isa = PBXFileReference; lastKnownFileType = sourcecode.swift; path = PokemonMove.swift; sourceTree = "<group>"; };
		01D7863129C95C5F00CB778C /* PokemonMoveViewController.swift */ = {isa = PBXFileReference; lastKnownFileType = sourcecode.swift; path = PokemonMoveViewController.swift; sourceTree = "<group>"; };
		01E0C6B029C2AFD7006C4EC7 /* PokemonDetail.swift */ = {isa = PBXFileReference; lastKnownFileType = sourcecode.swift; path = PokemonDetail.swift; sourceTree = "<group>"; };
/* End PBXFileReference section */

/* Begin PBXFrameworksBuildPhase section */
		0119A44C29C1B32700DE0731 /* Frameworks */ = {
			isa = PBXFrameworksBuildPhase;
			buildActionMask = 2147483647;
			files = (
				01E0C6B429C2C98B006C4EC7 /* SDWebImage in Frameworks */,
				0119A46829C1B49800DE0731 /* Alamofire in Frameworks */,
			);
			runOnlyForDeploymentPostprocessing = 0;
		};
/* End PBXFrameworksBuildPhase section */

/* Begin PBXGroup section */
		0102EE6729C3054600879C98 /* PokemonDetail */ = {
			isa = PBXGroup;
			children = (
				0102EE6A29C3055E00879C98 /* Model */,
				0102EE6929C3055600879C98 /* View */,
				0102EE6829C3055000879C98 /* ViewModel */,
			);
			name = PokemonDetail;
			path = Module/PokemonDetail;
			sourceTree = "<group>";
		};
		0102EE6829C3055000879C98 /* ViewModel */ = {
			isa = PBXGroup;
			children = (
				0102EE6D29C31B6800879C98 /* PokemonDetailViewModel.swift */,
			);
			name = ViewModel;
			sourceTree = "<group>";
		};
		0102EE6929C3055600879C98 /* View */ = {
			isa = PBXGroup;
			children = (
				0102EE6B29C3072500879C98 /* PokemonDetailViewController.swift */,
				01C54F9F29C81F870000FBFF /* PokemonMoveCell.swift */,
				01C54FA029C81F870000FBFF /* PokemonMoveCell.xib */,
			);
			name = View;
			sourceTree = "<group>";
		};
		0102EE6A29C3055E00879C98 /* Model */ = {
			isa = PBXGroup;
			children = (
				01E0C6B029C2AFD7006C4EC7 /* PokemonDetail.swift */,
			);
			name = Model;
			sourceTree = "<group>";
		};
		0119A44629C1B32700DE0731 = {
			isa = PBXGroup;
			children = (
				0119A45129C1B32700DE0731 /* Week5-Day3-Pokemon API MVVM */,
				0119A45029C1B32700DE0731 /* Products */,
			);
			sourceTree = "<group>";
		};
		0119A45029C1B32700DE0731 /* Products */ = {
			isa = PBXGroup;
			children = (
				0119A44F29C1B32700DE0731 /* Week5-Day3-Pokemon API MVVM.app */,
			);
			name = Products;
			sourceTree = "<group>";
		};
		0119A45129C1B32700DE0731 /* Week5-Day3-Pokemon API MVVM */ = {
			isa = PBXGroup;
			children = (
				013A063D29C457DF00CD5290 /* CustomUI */,
				0119A47929C1B99600DE0731 /* Extension */,
				0119A47229C1B57E00DE0731 /* Asset */,
				0119A46D29C1B52200DE0731 /* Module */,
				0119A46C29C1B51C00DE0731 /* Networking */,
				0119A46B29C1B4EB00DE0731 /* Storyboard */,
				0119A46A29C1B4E400DE0731 /* MainDelegate */,
				0119A46029C1B32800DE0731 /* Info.plist */,
			);
			path = "Week5-Day3-Pokemon API MVVM";
			sourceTree = "<group>";
		};
		0119A46929C1B4DC00DE0731 /* Model */ = {
			isa = PBXGroup;
			children = (
				0119A47729C1B85400DE0731 /* Pokemon.swift */,
			);
			name = Model;
			sourceTree = "<group>";
		};
		0119A46A29C1B4E400DE0731 /* MainDelegate */ = {
			isa = PBXGroup;
			children = (
				0119A45229C1B32700DE0731 /* AppDelegate.swift */,
				0119A45429C1B32700DE0731 /* SceneDelegate.swift */,
			);
			path = MainDelegate;
			sourceTree = "<group>";
		};
		0119A46B29C1B4EB00DE0731 /* Storyboard */ = {
			isa = PBXGroup;
			children = (
				0119A45829C1B32700DE0731 /* Main.storyboard */,
				0119A45D29C1B32800DE0731 /* LaunchScreen.storyboard */,
			);
			name = Storyboard;
			sourceTree = "<group>";
		};
		0119A46C29C1B51C00DE0731 /* Networking */ = {
			isa = PBXGroup;
			children = (
				0119A47D29C1BA7200DE0731 /* ApiService.swift */,
			);
			path = Networking;
			sourceTree = "<group>";
		};
		0119A46D29C1B52200DE0731 /* Module */ = {
			isa = PBXGroup;
			children = (
				01D7863029C95BEB00CB778C /* PokemonMove */,
				0102EE6729C3054600879C98 /* PokemonDetail */,
				0119A46E29C1B53200DE0731 /* PokemonList */,
			);
			name = Module;
			sourceTree = "<group>";
		};
		0119A46E29C1B53200DE0731 /* PokemonList */ = {
			isa = PBXGroup;
			children = (
				0119A46929C1B4DC00DE0731 /* Model */,
				0119A47129C1B54E00DE0731 /* ViewModel */,
				0119A47029C1B54900DE0731 /* View */,
			);
			name = PokemonList;
			path = Module/PokemonList;
			sourceTree = "<group>";
		};
		0119A47029C1B54900DE0731 /* View */ = {
			isa = PBXGroup;
			children = (
				0119A45629C1B32700DE0731 /* PokemonListViewController.swift */,
				0119A48129C1BF3000DE0731 /* PokemonCell.swift */,
				0119A48229C1BF3000DE0731 /* PokemonCell.xib */,
			);
			name = View;
			sourceTree = "<group>";
		};
		0119A47129C1B54E00DE0731 /* ViewModel */ = {
			isa = PBXGroup;
			children = (
				0119A47F29C1BEFD00DE0731 /* PokemonListViewModel.swift */,
			);
			name = ViewModel;
			sourceTree = "<group>";
		};
		0119A47229C1B57E00DE0731 /* Asset */ = {
			isa = PBXGroup;
			children = (
				0119A45B29C1B32800DE0731 /* Assets.xcassets */,
			);
			name = Asset;
			sourceTree = "<group>";
		};
		0119A47929C1B99600DE0731 /* Extension */ = {
			isa = PBXGroup;
			children = (
				0119A47A29C1BA2C00DE0731 /* UIImageExtension.swift */,
				015EBFB429C2D24E0009494E /* UIColorExtension.swift */,
				01C54F9A29C801310000FBFF /* UIViewExtension.swift */,
			);
			name = Extension;
			sourceTree = "<group>";
		};
		013A063D29C457DF00CD5290 /* CustomUI */ = {
			isa = PBXGroup;
			children = (
				013A063E29C457EE00CD5290 /* PaddingLabel.swift */,
			);
			name = CustomUI;
			sourceTree = "<group>";
		};
		01D7863029C95BEB00CB778C /* PokemonMove */ = {
			isa = PBXGroup;
			children = (
				01D7862E29C9532000CB778C /* PokemonMove.swift */,
				01D7863129C95C5F00CB778C /* PokemonMoveViewController.swift */,
			);
			path = PokemonMove;
			sourceTree = "<group>";
		};
/* End PBXGroup section */

/* Begin PBXNativeTarget section */
		0119A44E29C1B32700DE0731 /* Week5-Day3-Pokemon API MVVM */ = {
			isa = PBXNativeTarget;
			buildConfigurationList = 0119A46329C1B32800DE0731 /* Build configuration list for PBXNativeTarget "Week5-Day3-Pokemon API MVVM" */;
			buildPhases = (
				0119A44B29C1B32700DE0731 /* Sources */,
				0119A44C29C1B32700DE0731 /* Frameworks */,
				0119A44D29C1B32700DE0731 /* Resources */,
			);
			buildRules = (
			);
			dependencies = (
			);
			name = "Week5-Day3-Pokemon API MVVM";
			packageProductDependencies = (
				0119A46729C1B49800DE0731 /* Alamofire */,
				01E0C6B329C2C98B006C4EC7 /* SDWebImage */,
			);
			productName = "Week5-Day3-Pokemon API MVVM";
			productReference = 0119A44F29C1B32700DE0731 /* Week5-Day3-Pokemon API MVVM.app */;
			productType = "com.apple.product-type.application";
		};
/* End PBXNativeTarget section */

/* Begin PBXProject section */
		0119A44729C1B32700DE0731 /* Project object */ = {
			isa = PBXProject;
			attributes = {
				BuildIndependentTargetsInParallel = 1;
				LastSwiftUpdateCheck = 1420;
				LastUpgradeCheck = 1420;
				TargetAttributes = {
					0119A44E29C1B32700DE0731 = {
						CreatedOnToolsVersion = 14.2;
					};
				};
			};
			buildConfigurationList = 0119A44A29C1B32700DE0731 /* Build configuration list for PBXProject "Week5-Day3-Pokemon API MVVM" */;
			compatibilityVersion = "Xcode 14.0";
			developmentRegion = en;
			hasScannedForEncodings = 0;
			knownRegions = (
				en,
				Base,
			);
			mainGroup = 0119A44629C1B32700DE0731;
			packageReferences = (
				0119A46629C1B49800DE0731 /* XCRemoteSwiftPackageReference "Alamofire" */,
				01E0C6B229C2C98B006C4EC7 /* XCRemoteSwiftPackageReference "SDWebImage" */,
			);
			productRefGroup = 0119A45029C1B32700DE0731 /* Products */;
			projectDirPath = "";
			projectRoot = "";
			targets = (
				0119A44E29C1B32700DE0731 /* Week5-Day3-Pokemon API MVVM */,
			);
		};
/* End PBXProject section */

/* Begin PBXResourcesBuildPhase section */
		0119A44D29C1B32700DE0731 /* Resources */ = {
			isa = PBXResourcesBuildPhase;
			buildActionMask = 2147483647;
			files = (
				01C54FA229C81F870000FBFF /* PokemonMoveCell.xib in Resources */,
				0119A45F29C1B32800DE0731 /* LaunchScreen.storyboard in Resources */,
				0119A48429C1BF3000DE0731 /* PokemonCell.xib in Resources */,
				0119A45C29C1B32800DE0731 /* Assets.xcassets in Resources */,
				0119A45A29C1B32700DE0731 /* Main.storyboard in Resources */,
			);
			runOnlyForDeploymentPostprocessing = 0;
		};
/* End PBXResourcesBuildPhase section */

/* Begin PBXSourcesBuildPhase section */
		0119A44B29C1B32700DE0731 /* Sources */ = {
			isa = PBXSourcesBuildPhase;
			buildActionMask = 2147483647;
			files = (
				0119A47829C1B85400DE0731 /* Pokemon.swift in Sources */,
				01D7863229C95C5F00CB778C /* PokemonMoveViewController.swift in Sources */,
				0119A45729C1B32700DE0731 /* PokemonListViewController.swift in Sources */,
				0119A45329C1B32700DE0731 /* AppDelegate.swift in Sources */,
				0119A45529C1B32700DE0731 /* SceneDelegate.swift in Sources */,
				01C54F9B29C801310000FBFF /* UIViewExtension.swift in Sources */,
				0102EE6C29C3072500879C98 /* PokemonDetailViewController.swift in Sources */,
				0119A47E29C1BA7200DE0731 /* ApiService.swift in Sources */,
				0119A48329C1BF3000DE0731 /* PokemonCell.swift in Sources */,
				0119A48029C1BEFD00DE0731 /* PokemonListViewModel.swift in Sources */,
				01C54FA129C81F870000FBFF /* PokemonMoveCell.swift in Sources */,
				015EBFB529C2D24E0009494E /* UIColorExtension.swift in Sources */,
				01E0C6B129C2AFD7006C4EC7 /* PokemonDetail.swift in Sources */,
				01D7862F29C9532000CB778C /* PokemonMove.swift in Sources */,
				013A063F29C457EE00CD5290 /* PaddingLabel.swift in Sources */,
				0119A47B29C1BA2C00DE0731 /* UIImageExtension.swift in Sources */,
				0102EE6E29C31B6800879C98 /* PokemonDetailViewModel.swift in Sources */,
			);
			runOnlyForDeploymentPostprocessing = 0;
		};
/* End PBXSourcesBuildPhase section */

/* Begin PBXVariantGroup section */
		0119A45829C1B32700DE0731 /* Main.storyboard */ = {
			isa = PBXVariantGroup;
			children = (
				0119A45929C1B32700DE0731 /* Base */,
			);
			name = Main.storyboard;
			sourceTree = "<group>";
		};
		0119A45D29C1B32800DE0731 /* LaunchScreen.storyboard */ = {
			isa = PBXVariantGroup;
			children = (
				0119A45E29C1B32800DE0731 /* Base */,
			);
			name = LaunchScreen.storyboard;
			sourceTree = "<group>";
		};
/* End PBXVariantGroup section */

/* Begin XCBuildConfiguration section */
		0119A46129C1B32800DE0731 /* Debug */ = {
			isa = XCBuildConfiguration;
			buildSettings = {
				ALWAYS_SEARCH_USER_PATHS = NO;
				CLANG_ANALYZER_NONNULL = YES;
				CLANG_ANALYZER_NUMBER_OBJECT_CONVERSION = YES_AGGRESSIVE;
				CLANG_CXX_LANGUAGE_STANDARD = "gnu++20";
				CLANG_ENABLE_MODULES = YES;
				CLANG_ENABLE_OBJC_ARC = YES;
				CLANG_ENABLE_OBJC_WEAK = YES;
				CLANG_WARN_BLOCK_CAPTURE_AUTORELEASING = YES;
				CLANG_WARN_BOOL_CONVERSION = YES;
				CLANG_WARN_COMMA = YES;
				CLANG_WARN_CONSTANT_CONVERSION = YES;
				CLANG_WARN_DEPRECATED_OBJC_IMPLEMENTATIONS = YES;
				CLANG_WARN_DIRECT_OBJC_ISA_USAGE = YES_ERROR;
				CLANG_WARN_DOCUMENTATION_COMMENTS = YES;
				CLANG_WARN_EMPTY_BODY = YES;
				CLANG_WARN_ENUM_CONVERSION = YES;
				CLANG_WARN_INFINITE_RECURSION = YES;
				CLANG_WARN_INT_CONVERSION = YES;
				CLANG_WARN_NON_LITERAL_NULL_CONVERSION = YES;
				CLANG_WARN_OBJC_IMPLICIT_RETAIN_SELF = YES;
				CLANG_WARN_OBJC_LITERAL_CONVERSION = YES;
				CLANG_WARN_OBJC_ROOT_CLASS = YES_ERROR;
				CLANG_WARN_QUOTED_INCLUDE_IN_FRAMEWORK_HEADER = YES;
				CLANG_WARN_RANGE_LOOP_ANALYSIS = YES;
				CLANG_WARN_STRICT_PROTOTYPES = YES;
				CLANG_WARN_SUSPICIOUS_MOVE = YES;
				CLANG_WARN_UNGUARDED_AVAILABILITY = YES_AGGRESSIVE;
				CLANG_WARN_UNREACHABLE_CODE = YES;
				CLANG_WARN__DUPLICATE_METHOD_MATCH = YES;
				COPY_PHASE_STRIP = NO;
				DEBUG_INFORMATION_FORMAT = dwarf;
				ENABLE_STRICT_OBJC_MSGSEND = YES;
				ENABLE_TESTABILITY = YES;
				GCC_C_LANGUAGE_STANDARD = gnu11;
				GCC_DYNAMIC_NO_PIC = NO;
				GCC_NO_COMMON_BLOCKS = YES;
				GCC_OPTIMIZATION_LEVEL = 0;
				GCC_PREPROCESSOR_DEFINITIONS = (
					"DEBUG=1",
					"$(inherited)",
				);
				GCC_WARN_64_TO_32_BIT_CONVERSION = YES;
				GCC_WARN_ABOUT_RETURN_TYPE = YES_ERROR;
				GCC_WARN_UNDECLARED_SELECTOR = YES;
				GCC_WARN_UNINITIALIZED_AUTOS = YES_AGGRESSIVE;
				GCC_WARN_UNUSED_FUNCTION = YES;
				GCC_WARN_UNUSED_VARIABLE = YES;
				IPHONEOS_DEPLOYMENT_TARGET = 16.2;
				MTL_ENABLE_DEBUG_INFO = INCLUDE_SOURCE;
				MTL_FAST_MATH = YES;
				ONLY_ACTIVE_ARCH = YES;
				SDKROOT = iphoneos;
				SWIFT_ACTIVE_COMPILATION_CONDITIONS = DEBUG;
				SWIFT_OPTIMIZATION_LEVEL = "-Onone";
			};
			name = Debug;
		};
		0119A46229C1B32800DE0731 /* Release */ = {
			isa = XCBuildConfiguration;
			buildSettings = {
				ALWAYS_SEARCH_USER_PATHS = NO;
				CLANG_ANALYZER_NONNULL = YES;
				CLANG_ANALYZER_NUMBER_OBJECT_CONVERSION = YES_AGGRESSIVE;
				CLANG_CXX_LANGUAGE_STANDARD = "gnu++20";
				CLANG_ENABLE_MODULES = YES;
				CLANG_ENABLE_OBJC_ARC = YES;
				CLANG_ENABLE_OBJC_WEAK = YES;
				CLANG_WARN_BLOCK_CAPTURE_AUTORELEASING = YES;
				CLANG_WARN_BOOL_CONVERSION = YES;
				CLANG_WARN_COMMA = YES;
				CLANG_WARN_CONSTANT_CONVERSION = YES;
				CLANG_WARN_DEPRECATED_OBJC_IMPLEMENTATIONS = YES;
				CLANG_WARN_DIRECT_OBJC_ISA_USAGE = YES_ERROR;
				CLANG_WARN_DOCUMENTATION_COMMENTS = YES;
				CLANG_WARN_EMPTY_BODY = YES;
				CLANG_WARN_ENUM_CONVERSION = YES;
				CLANG_WARN_INFINITE_RECURSION = YES;
				CLANG_WARN_INT_CONVERSION = YES;
				CLANG_WARN_NON_LITERAL_NULL_CONVERSION = YES;
				CLANG_WARN_OBJC_IMPLICIT_RETAIN_SELF = YES;
				CLANG_WARN_OBJC_LITERAL_CONVERSION = YES;
				CLANG_WARN_OBJC_ROOT_CLASS = YES_ERROR;
				CLANG_WARN_QUOTED_INCLUDE_IN_FRAMEWORK_HEADER = YES;
				CLANG_WARN_RANGE_LOOP_ANALYSIS = YES;
				CLANG_WARN_STRICT_PROTOTYPES = YES;
				CLANG_WARN_SUSPICIOUS_MOVE = YES;
				CLANG_WARN_UNGUARDED_AVAILABILITY = YES_AGGRESSIVE;
				CLANG_WARN_UNREACHABLE_CODE = YES;
				CLANG_WARN__DUPLICATE_METHOD_MATCH = YES;
				COPY_PHASE_STRIP = NO;
				DEBUG_INFORMATION_FORMAT = "dwarf-with-dsym";
				ENABLE_NS_ASSERTIONS = NO;
				ENABLE_STRICT_OBJC_MSGSEND = YES;
				GCC_C_LANGUAGE_STANDARD = gnu11;
				GCC_NO_COMMON_BLOCKS = YES;
				GCC_WARN_64_TO_32_BIT_CONVERSION = YES;
				GCC_WARN_ABOUT_RETURN_TYPE = YES_ERROR;
				GCC_WARN_UNDECLARED_SELECTOR = YES;
				GCC_WARN_UNINITIALIZED_AUTOS = YES_AGGRESSIVE;
				GCC_WARN_UNUSED_FUNCTION = YES;
				GCC_WARN_UNUSED_VARIABLE = YES;
				IPHONEOS_DEPLOYMENT_TARGET = 16.2;
				MTL_ENABLE_DEBUG_INFO = NO;
				MTL_FAST_MATH = YES;
				SDKROOT = iphoneos;
				SWIFT_COMPILATION_MODE = wholemodule;
				SWIFT_OPTIMIZATION_LEVEL = "-O";
				VALIDATE_PRODUCT = YES;
			};
			name = Release;
		};
		0119A46429C1B32800DE0731 /* Debug */ = {
			isa = XCBuildConfiguration;
			buildSettings = {
				ASSETCATALOG_COMPILER_APPICON_NAME = AppIcon;
				ASSETCATALOG_COMPILER_GLOBAL_ACCENT_COLOR_NAME = AccentColor;
				CODE_SIGN_STYLE = Automatic;
				CURRENT_PROJECT_VERSION = 1;
				DEVELOPMENT_TEAM = 86CWQQPNC4;
				GENERATE_INFOPLIST_FILE = YES;
				INFOPLIST_FILE = "Week5-Day3-Pokemon API MVVM/Info.plist";
				INFOPLIST_KEY_UIApplicationSupportsIndirectInputEvents = YES;
				INFOPLIST_KEY_UILaunchStoryboardName = LaunchScreen;
				INFOPLIST_KEY_UIMainStoryboardFile = Main;
				INFOPLIST_KEY_UISupportedInterfaceOrientations_iPad = "UIInterfaceOrientationPortrait UIInterfaceOrientationPortraitUpsideDown UIInterfaceOrientationLandscapeLeft UIInterfaceOrientationLandscapeRight";
				INFOPLIST_KEY_UISupportedInterfaceOrientations_iPhone = "UIInterfaceOrientationPortrait UIInterfaceOrientationLandscapeLeft UIInterfaceOrientationLandscapeRight";
				LD_RUNPATH_SEARCH_PATHS = (
					"$(inherited)",
					"@executable_path/Frameworks",
				);
				MARKETING_VERSION = 1.0;
				PRODUCT_BUNDLE_IDENTIFIER = "com.ziesdev.Week5-Day3-Pokemon-API-MVVM";
				PRODUCT_NAME = "$(TARGET_NAME)";
				SWIFT_EMIT_LOC_STRINGS = YES;
				SWIFT_VERSION = 5.0;
				TARGETED_DEVICE_FAMILY = "1,2";
			};
			name = Debug;
		};
		0119A46529C1B32800DE0731 /* Release */ = {
			isa = XCBuildConfiguration;
			buildSettings = {
				ASSETCATALOG_COMPILER_APPICON_NAME = AppIcon;
				ASSETCATALOG_COMPILER_GLOBAL_ACCENT_COLOR_NAME = AccentColor;
				CODE_SIGN_STYLE = Automatic;
				CURRENT_PROJECT_VERSION = 1;
				DEVELOPMENT_TEAM = 86CWQQPNC4;
				GENERATE_INFOPLIST_FILE = YES;
				INFOPLIST_FILE = "Week5-Day3-Pokemon API MVVM/Info.plist";
				INFOPLIST_KEY_UIApplicationSupportsIndirectInputEvents = YES;
				INFOPLIST_KEY_UILaunchStoryboardName = LaunchScreen;
				INFOPLIST_KEY_UIMainStoryboardFile = Main;
				INFOPLIST_KEY_UISupportedInterfaceOrientations_iPad = "UIInterfaceOrientationPortrait UIInterfaceOrientationPortraitUpsideDown UIInterfaceOrientationLandscapeLeft UIInterfaceOrientationLandscapeRight";
				INFOPLIST_KEY_UISupportedInterfaceOrientations_iPhone = "UIInterfaceOrientationPortrait UIInterfaceOrientationLandscapeLeft UIInterfaceOrientationLandscapeRight";
				LD_RUNPATH_SEARCH_PATHS = (
					"$(inherited)",
					"@executable_path/Frameworks",
				);
				MARKETING_VERSION = 1.0;
				PRODUCT_BUNDLE_IDENTIFIER = "com.ziesdev.Week5-Day3-Pokemon-API-MVVM";
				PRODUCT_NAME = "$(TARGET_NAME)";
				SWIFT_EMIT_LOC_STRINGS = YES;
				SWIFT_VERSION = 5.0;
				TARGETED_DEVICE_FAMILY = "1,2";
			};
			name = Release;
		};
/* End XCBuildConfiguration section */

/* Begin XCConfigurationList section */
		0119A44A29C1B32700DE0731 /* Build configuration list for PBXProject "Week5-Day3-Pokemon API MVVM" */ = {
			isa = XCConfigurationList;
			buildConfigurations = (
				0119A46129C1B32800DE0731 /* Debug */,
				0119A46229C1B32800DE0731 /* Release */,
			);
			defaultConfigurationIsVisible = 0;
			defaultConfigurationName = Release;
		};
		0119A46329C1B32800DE0731 /* Build configuration list for PBXNativeTarget "Week5-Day3-Pokemon API MVVM" */ = {
			isa = XCConfigurationList;
			buildConfigurations = (
				0119A46429C1B32800DE0731 /* Debug */,
				0119A46529C1B32800DE0731 /* Release */,
			);
			defaultConfigurationIsVisible = 0;
			defaultConfigurationName = Release;
		};
/* End XCConfigurationList section */

/* Begin XCRemoteSwiftPackageReference section */
		0119A46629C1B49800DE0731 /* XCRemoteSwiftPackageReference "Alamofire" */ = {
			isa = XCRemoteSwiftPackageReference;
			repositoryURL = "https://github.com/Alamofire/Alamofire";
			requirement = {
				kind = upToNextMajorVersion;
				minimumVersion = 5.0.0;
			};
		};
		01E0C6B229C2C98B006C4EC7 /* XCRemoteSwiftPackageReference "SDWebImage" */ = {
			isa = XCRemoteSwiftPackageReference;
			repositoryURL = "https://github.com/SDWebImage/SDWebImage";
			requirement = {
				kind = upToNextMajorVersion;
				minimumVersion = 5.0.0;
			};
		};
/* End XCRemoteSwiftPackageReference section */

/* Begin XCSwiftPackageProductDependency section */
		0119A46729C1B49800DE0731 /* Alamofire */ = {
			isa = XCSwiftPackageProductDependency;
			package = 0119A46629C1B49800DE0731 /* XCRemoteSwiftPackageReference "Alamofire" */;
			productName = Alamofire;
		};
		01E0C6B329C2C98B006C4EC7 /* SDWebImage */ = {
			isa = XCSwiftPackageProductDependency;
			package = 01E0C6B229C2C98B006C4EC7 /* XCRemoteSwiftPackageReference "SDWebImage" */;
			productName = SDWebImage;
		};
/* End XCSwiftPackageProductDependency section */
	};
	rootObject = 0119A44729C1B32700DE0731 /* Project object */;
}
